<?xml version="1.0" encoding="utf-8"?>
<Project ToolsVersion="4.0" xmlns="http://schemas.microsoft.com/developer/msbuild/2003">
  <ItemGroup>
    <Filter Include="Source Files">
      <UniqueIdentifier>{4FC737F1-C7A5-4376-A066-2A32D752A2FF}</UniqueIdentifier>
      <Extensions>cpp;c;cc;cxx;def;odl;idl;hpj;bat;asm;asmx</Extensions>
    </Filter>
    <Filter Include="Header Files">
      <UniqueIdentifier>{93995380-89BD-4b04-88EB-625FBE52EBFB}</UniqueIdentifier>
      <Extensions>h;hpp;hxx;hm;inl;inc;xsd</Extensions>
    </Filter>
    <Filter Include="Resource Files">
      <UniqueIdentifier>{67DA6AB6-F800-4c08-8B7A-83BB121AAD01}</UniqueIdentifier>
      <Extensions>rc;ico;cur;bmp;dlg;rc2;rct;bin;rgs;gif;jpg;jpeg;jpe;resx;tiff;tif;png;wav</Extensions>
    </Filter>
  </ItemGroup>
  <ItemGroup>
    <ClCompile Include="dllmain.cpp">
      <Filter>Source Files</Filter>
    </ClCompile>
    <ClCompile Include="FontExtract.cpp">
      <Filter>Source Files</Filter>
    </ClCompile>
    <ClCompile Include="HYCBLC.cpp">
      <Filter>Source Files</Filter>
    </ClCompile>
    <ClCompile Include="HYCFFInfo.cpp">
      <Filter>Source Files</Filter>
    </ClCompile>
    <ClCompile Include="HYCmap.cpp">
      <Filter>Source Files</Filter>
    </ClCompile>
    <ClCompile Include="HYCodeMap.cpp">
      <Filter>Source Files</Filter>
    </ClCompile>
    <ClCompile Include="HYCOLR.cpp">
      <Filter>Source Files</Filter>
    </ClCompile>
    <ClCompile Include="HYCvt.cpp">
      <Filter>Source Files</Filter>
    </ClCompile>
    <ClCompile Include="HYDSIG.cpp">
      <Filter>Source Files</Filter>
    </ClCompile>
    <ClCompile Include="HYFeatureRecord.cpp">
      <Filter>Source Files</Filter>
    </ClCompile>
    <ClCompile Include="HYFontApi.cpp">
      <Filter>Source Files</Filter>
    </ClCompile>
    <ClCompile Include="HYFontApiPrivate.cpp">
      <Filter>Source Files</Filter>
    </ClCompile>
    <ClCompile Include="HYFontCodec.cpp">
      <Filter>Source Files</Filter>
    </ClCompile>
    <ClCompile Include="HYFpgm.cpp">
      <Filter>Source Files</Filter>
    </ClCompile>
    <ClCompile Include="HYfvar.cpp">
      <Filter>Source Files</Filter>
    </ClCompile>
    <ClCompile Include="HYGasp.cpp">
      <Filter>Source Files</Filter>
    </ClCompile>
    <ClCompile Include="..\include\HYFontCodec\HYGsub.cpp">
      <Filter>Source Files</Filter>
    </ClCompile>
    <ClCompile Include="HYgvar.cpp">
      <Filter>Source Files</Filter>
    </ClCompile>
    <ClCompile Include="HYHead.cpp">
      <Filter>Source Files</Filter>
    </ClCompile>
    <ClCompile Include="HYHhea.cpp">
      <Filter>Source Files</Filter>
    </ClCompile>
    <ClCompile Include="HYHmtx.cpp">
      <Filter>Source Files</Filter>
    </ClCompile>
    <ClCompile Include="HYLoca.cpp">
      <Filter>Source Files</Filter>
    </ClCompile>
    <ClCompile Include="HYMaxp.cpp">
      <Filter>Source Files</Filter>
    </ClCompile>
    <ClCompile Include="HYmeta.cpp">
      <Filter>Source Files</Filter>
    </ClCompile>
    <ClCompile Include="HYName.cpp">
      <Filter>Source Files</Filter>
    </ClCompile>
    <ClCompile Include="HYOS.cpp">
      <Filter>Source Files</Filter>
    </ClCompile>
    <ClCompile Include="HYPGlyf.cpp">
      <Filter>Source Files</Filter>
    </ClCompile>
    <ClCompile Include="HYPost.cpp">
      <Filter>Source Files</Filter>
    </ClCompile>
    <ClCompile Include="HYPrep.cpp">
      <Filter>Source Files</Filter>
    </ClCompile>
    <ClCompile Include="HYsbix.cpp">
      <Filter>Source Files</Filter>
    </ClCompile>
    <ClCompile Include="HYScriptRecord.cpp">
      <Filter>Source Files</Filter>
    </ClCompile>
    <ClCompile Include="HYSTAT.cpp">
      <Filter>Source Files</Filter>
    </ClCompile>
    <ClCompile Include="HYTableDirectory.cpp">
      <Filter>Source Files</Filter>
    </ClCompile>
    <ClCompile Include="HYVhea.cpp">
      <Filter>Source Files</Filter>
    </ClCompile>
    <ClCompile Include="HYVmtx.cpp">
      <Filter>Source Files</Filter>
    </ClCompile>
    <ClCompile Include="HYVORG.cpp">
      <Filter>Source Files</Filter>
    </ClCompile>
    <ClCompile Include="Markup.cpp">
      <Filter>Source Files</Filter>
    </ClCompile>
    <ClCompile Include="stdafx.cpp">
      <Filter>Source Files</Filter>
    </ClCompile>
    <ClCompile Include="WoffCodec.cpp">
      <Filter>Source Files</Filter>
    </ClCompile>
    <ClCompile Include="HYavar.cpp">
      <Filter>Source Files</Filter>
    </ClCompile>
    <ClCompile Include="HYHVAR.cpp">
      <Filter>Source Files</Filter>
    </ClCompile>
    <ClCompile Include="HYItemVariation.cpp">
      <Filter>Source Files</Filter>
    </ClCompile>
    <ClCompile Include="HYVVAR.cpp">
      <Filter>Source Files</Filter>
    </ClCompile>
    <ClCompile Include="HYTTC.cpp">
      <Filter>Source Files</Filter>
    </ClCompile>
    <ClCompile Include="HYSVG.cpp">
      <Filter>Source Files</Filter>
    </ClCompile>
    <ClCompile Include="HYFontFunc.cpp">
      <Filter>Source Files</Filter>
    </ClCompile>
  </ItemGroup>
  <ItemGroup>
    <ClInclude Include="..\include\HYFontCodec\FontExtract.h">
      <Filter>Header Files</Filter>
    </ClInclude>
    <ClInclude Include="..\include\HYFontCodec\HYCBLC.h">
      <Filter>Header Files</Filter>
    </ClInclude>
    <ClInclude Include="..\include\HYFontCodec\HYCFFInfo.h">
      <Filter>Header Files</Filter>
    </ClInclude>
    <ClInclude Include="..\include\HYFontCodec\HYCharSetRang.h">
      <Filter>Header Files</Filter>
    </ClInclude>
    <ClInclude Include="..\include\HYFontCodec\HYCmap.h">
      <Filter>Header Files</Filter>
    </ClInclude>
    <ClInclude Include="..\include\HYFontCodec\HYCodeMap.h">
      <Filter>Header Files</Filter>
    </ClInclude>
    <ClInclude Include="..\include\HYFontCodec\HYCOLR.h">
      <Filter>Header Files</Filter>
    </ClInclude>
    <ClInclude Include="..\include\HYFontCodec\HYCvt.h">
      <Filter>Header Files</Filter>
    </ClInclude>
    <ClInclude Include="..\include\HYFontCodec\HYDSIG.h">
      <Filter>Header Files</Filter>
    </ClInclude>
    <ClInclude Include="..\include\HYErrorDef.h">
      <Filter>Header Files</Filter>
    </ClInclude>
    <ClInclude Include="..\include\HYFontCodec\HYFeatureRecord.h">
      <Filter>Header Files</Filter>
    </ClInclude>
    <ClInclude Include="..\include\HYFontCodec\HYFontApi.h">
      <Filter>Header Files</Filter>
    </ClInclude>
    <ClInclude Include="HYFontApiPrivate.h">
      <Filter>Header Files</Filter>
    </ClInclude>
    <ClInclude Include="..\include\HYFontCodec\HYFontCodec.h">
      <Filter>Header Files</Filter>
    </ClInclude>
    <ClInclude Include="..\include\HYFontCodec\HYFontCodecDef.h">
      <Filter>Header Files</Filter>
    </ClInclude>
    <ClInclude Include="..\include\HYFontCodec\HYFontCodecHead.h">
      <Filter>Header Files</Filter>
    </ClInclude>
    <ClInclude Include="..\include\HYFontCodec\HYFpgm.h">
      <Filter>Header Files</Filter>
    </ClInclude>
    <ClInclude Include="..\include\HYFontCodec\HYfvar.h">
      <Filter>Header Files</Filter>
    </ClInclude>
    <ClInclude Include="..\include\HYFontCodec\HYGasp.h">
      <Filter>Header Files</Filter>
    </ClInclude>
    <ClInclude Include="..\include\HYFontCodec\HYGlyf.h">
      <Filter>Header Files</Filter>
    </ClInclude>
    <ClInclude Include="..\include\HYFontCodec\HYGsub.h">
      <Filter>Header Files</Filter>
    </ClInclude>
    <ClInclude Include="..\include\HYFontCodec\HYgvar.h">
      <Filter>Header Files</Filter>
    </ClInclude>
    <ClInclude Include="..\include\HYFontCodec\HYHead.h">
      <Filter>Header Files</Filter>
    </ClInclude>
    <ClInclude Include="..\include\HYFontCodec\HYHhea.h">
      <Filter>Header Files</Filter>
    </ClInclude>
    <ClInclude Include="..\include\HYFontCodec\HYHmtx.h">
      <Filter>Header Files</Filter>
    </ClInclude>
    <ClInclude Include="..\include\HYFontCodec\HYLoca.h">
      <Filter>Header Files</Filter>
    </ClInclude>
    <ClInclude Include="..\include\HYFontCodec\HYMaxp.h">
      <Filter>Header Files</Filter>
    </ClInclude>
    <ClInclude Include="..\include\HYFontCodec\HYmeta.h">
      <Filter>Header Files</Filter>
    </ClInclude>
    <ClInclude Include="..\include\HYFontCodec\HYName.h">
      <Filter>Header Files</Filter>
    </ClInclude>
    <ClInclude Include="..\include\HYFontCodec\HYOS.h">
      <Filter>Header Files</Filter>
    </ClInclude>
    <ClInclude Include="..\include\HYFontCodec\HYPost.h">
      <Filter>Header Files</Filter>
    </ClInclude>
    <ClInclude Include="..\include\HYFontCodec\HYPrep.h">
      <Filter>Header Files</Filter>
    </ClInclude>
    <ClInclude Include="..\include\HYFontCodec\HYsbix.h">
      <Filter>Header Files</Filter>
    </ClInclude>
    <ClInclude Include="..\include\HYFontCodec\HYScriptRecord.h">
      <Filter>Header Files</Filter>
    </ClInclude>
    <ClInclude Include="..\include\HYFontCodec\HYSTAT.h">
      <Filter>Header Files</Filter>
    </ClInclude>
    <ClInclude Include="..\include\HYFontCodec\HYTableDirectory.h">
      <Filter>Header Files</Filter>
    </ClInclude>
    <ClInclude Include="..\include\HYFontCodec\HYVhea.h">
      <Filter>Header Files</Filter>
    </ClInclude>
    <ClInclude Include="..\include\HYFontCodec\HYVmtx.h">
      <Filter>Header Files</Filter>
    </ClInclude>
    <ClInclude Include="..\include\HYFontCodec\HYVORG.h">
      <Filter>Header Files</Filter>
    </ClInclude>
    <ClInclude Include="Markup.h">
      <Filter>Header Files</Filter>
    </ClInclude>
    <ClInclude Include="resource.h">
      <Filter>Header Files</Filter>
    </ClInclude>
    <ClInclude Include="stdafx.h">
      <Filter>Header Files</Filter>
    </ClInclude>
    <ClInclude Include="targetver.h">
      <Filter>Header Files</Filter>
    </ClInclude>
    <ClInclude Include="..\include\HYFontCodec\WoffCodec.h">
      <Filter>Header Files</Filter>
    </ClInclude>
    <ClInclude Include="..\include\HYFontCodec\HYavar.h">
      <Filter>Header Files</Filter>
    </ClInclude>
    <ClInclude Include="..\include\HYFontCodec\HYHVAR.h">
      <Filter>Header Files</Filter>
    </ClInclude>
    <ClInclude Include="..\include\HYFontCodec\HYVVAR.h">
      <Filter>Header Files</Filter>
    </ClInclude>
    <ClInclude Include="..\include\HYFontCodec\HYItemVariation.h">
      <Filter>Header Files</Filter>
    </ClInclude>
    <ClInclude Include="..\include\HYFontCodec\HYTTC.h">
      <Filter>Header Files</Filter>
    </ClInclude>
    <ClInclude Include="..\include\HYFontCodec\HYSVG.h">
      <Filter>Header Files</Filter>
    </ClInclude>
    <ClInclude Include="..\include\HYFontCodec\HYFontFunc.h">
      <Filter>Header Files</Filter>
    </ClInclude>
  </ItemGroup>
  <ItemGroup>
    <ResourceCompile Include="Infomation.rc">
      <Filter>Resource Files</Filter>
    </ResourceCompile>
  </ItemGroup>
  <ItemGroup>
    <Text Include="ReadMe.txt" />
  </ItemGroup>
</Project>